
Microsoft Visual Studio Solution File, Format Version 12.00
# Visual Studio Version 17
VisualStudioVersion = 17.2.32616.157
MinimumVisualStudioVersion = 10.0.40219.1
Project("{FAE04EC0-301F-11D3-BF4B-00C04F79EFBC}") = "Xand0", "Xand0\Xand0.csproj", "{1D8BE3AD-673C-4AA8-A96E-F58A450B0D2F}"
EndProject
Global
	GlobalSection(SolutionConfigurationPlatforms) = preSolution
		Debug|Any CPU = Debug|Any CPU
		Release|Any CPU = Release|Any CPU
	EndGlobalSection
	GlobalSection(ProjectConfigurationPlatforms) = postSolution
		{1D8BE3AD-673C-4AA8-A96E-F58A450B0D2F}.Debug|Any CPU.ActiveCfg = Debug|Any CPU
		{1D8BE3AD-673C-4AA8-A96E-F58A450B0D2F}.Debug|Any CPU.Build.0 = Debug|Any CPU
		{1D8BE3AD-673C-4AA8-A96E-F58A450B0D2F}.Release|Any CPU.ActiveCfg = Release|Any CPU
		{1D8BE3AD-673C-4AA8-A96E-F58A450B0D2F}.Release|Any CPU.Build.0 = Release|Any CPU
	EndGlobalSection
	GlobalSection(SolutionProperties) = preSolution
		HideSolutionNode = FALSE
	EndGlobalSection
	GlobalSection(ExtensibilityGlobals) = postSolution
		SolutionGuid = {C39D99B8-F99B-4EAB-8BED-4AA1A2A9114E}
	EndGlobalSection
EndGlobal
